
Microsoft Visual Studio Solution File, Format Version 12.00
# Visual Studio Version 17
VisualStudioVersion = 17.10.34916.146
MinimumVisualStudioVersion = 10.0.40219.1
Project("{FAE04EC0-301F-11D3-BF4B-00C04F79EFBC}") = "XavierGordillo", "XavierGordillo.csproj", "{F090BF38-6906-487D-8A40-84589CAFA089}"
EndProject
Global
	GlobalSection(SolutionConfigurationPlatforms) = preSolution
		Debug|Any CPU = Debug|Any CPU
		Release|Any CPU = Release|Any CPU
	EndGlobalSection
	GlobalSection(ProjectConfigurationPlatforms) = postSolution
		{F090BF38-6906-487D-8A40-84589CAFA089}.Debug|Any CPU.ActiveCfg = Debug|Any CPU
		{F090BF38-6906-487D-8A40-84589CAFA089}.Debug|Any CPU.Build.0 = Debug|Any CPU
		{F090BF38-6906-487D-8A40-84589CAFA089}.Debug|Any CPU.Deploy.0 = Debug|Any CPU
		{F090BF38-6906-487D-8A40-84589CAFA089}.Release|Any CPU.ActiveCfg = Release|Any CPU
		{F090BF38-6906-487D-8A40-84589CAFA089}.Release|Any CPU.Build.0 = Release|Any CPU
		{F090BF38-6906-487D-8A40-84589CAFA089}.Release|Any CPU.Deploy.0 = Release|Any CPU
	EndGlobalSection
	GlobalSection(SolutionProperties) = preSolution
		HideSolutionNode = FALSE
	EndGlobalSection
	GlobalSection(ExtensibilityGlobals) = postSolution
		SolutionGuid = {31C36844-AC3E-4338-83BD-2422128ABD8F}
	EndGlobalSection
EndGlobal
